
Microsoft Visual Studio Solution File, Format Version 12.00
# Visual Studio Version 17
VisualStudioVersion = 17.14.36915.13 d17.14
MinimumVisualStudioVersion = 10.0.40219.1
Project("{FAE04EC0-301F-11D3-BF4B-00C04F79EFBC}") = "HausaufgabenManagerUI_WinForm", "HausaufgabenManagerUI_WinForm.csproj", "{5064C629-18A3-40F5-AA63-6E18E7ADD268}"
EndProject
Global
	GlobalSection(SolutionConfigurationPlatforms) = preSolution
		Debug|Any CPU = Debug|Any CPU
		Release|Any CPU = Release|Any CPU
	EndGlobalSection
	GlobalSection(ProjectConfigurationPlatforms) = postSolution
		{5064C629-18A3-40F5-AA63-6E18E7ADD268}.Debug|Any CPU.ActiveCfg = Debug|Any CPU
		{5064C629-18A3-40F5-AA63-6E18E7ADD268}.Debug|Any CPU.Build.0 = Debug|Any CPU
		{5064C629-18A3-40F5-AA63-6E18E7ADD268}.Release|Any CPU.ActiveCfg = Release|Any CPU
		{5064C629-18A3-40F5-AA63-6E18E7ADD268}.Release|Any CPU.Build.0 = Release|Any CPU
	EndGlobalSection
	GlobalSection(SolutionProperties) = preSolution
		HideSolutionNode = FALSE
	EndGlobalSection
	GlobalSection(ExtensibilityGlobals) = postSolution
		SolutionGuid = {43E23E87-D753-4662-B195-EA92D495DB4F}
	EndGlobalSection
EndGlobal
